{
    "_readme": [
        "This file locks the dependencies of your project to a known state",
        "Read more about it at http://getcomposer.org/doc/01-basic-usage.md#composer-lock-the-lock-file"
    ],
    "hash": "0690bf9b14ce2bee882d361c1b0f7b3a",
    "packages": [
        {
            "name": "twbs/bootstrap",
            "version": "dev-master",
            "source": {
                "type": "git",
                "url": "https://github.com/twbs/bootstrap.git",
                "reference": "5f328dce889823f1ec78844427a48da4c2eb6638"
            },
            "dist": {
                "type": "zip",
                "url": "https://api.github.com/repos/twbs/bootstrap/zipball/5f328dce889823f1ec78844427a48da4c2eb6638",
                "reference": "5f328dce889823f1ec78844427a48da4c2eb6638",
                "shasum": ""
            },
            "type": "library",
            "extra": {
                "branch-alias": {
                    "dev-master": "3.0.x-dev"
                }
            },
            "notification-url": "https://packagist.org/downloads/",
            "license": [
                "MIT"
            ],
            "authors": [
                {
                    "name": "Jacob Thornton",
                    "email": "jacobthornton@gmail.com"
                },
                {
                    "name": "Mark Otto",
                    "email": "markdotto@gmail.com"
                }
            ],
            "description": "Sleek, intuitive, and powerful mobile first front-end framework for faster and easier web development.",
            "homepage": "http://getbootstrap.com",
            "keywords": [
                "bootstrap",
                "css"
            ],
            "time": "2014-01-07 08:31:27"
        }
    ],
    "packages-dev": [

    ],
    "aliases": [

    ],
    "minimum-stability": "stable",
    "stability-flags": {
        "twbs/bootstrap": 20
    },
    "platform": [

    ],
    "platform-dev": [

    ]
}
