{
    "_readme": [
        "This file locks the dependencies of your project to a known state",
        "Read more about it at http://getcomposer.org/doc/01-basic-usage.md#composer-lock-the-lock-file"
    ],
    "hash": "ed9e04c4c95fc11747b0a4bfea5ccbcf",
    "packages": [
        {
            "name": "cornernote/highcharts-assets",
            "version": "dev-master",
            "source": {
                "type": "git",
                "url": "https://github.com/cornernote/highcharts-assets.git",
                "reference": "ebe073598e59694cd5e48c04bc261f0570cf987d"
            },
            "dist": {
                "type": "zip",
                "url": "https://api.github.com/repos/cornernote/highcharts-assets/zipball/ebe073598e59694cd5e48c04bc261f0570cf987d",
                "reference": "ebe073598e59694cd5e48c04bc261f0570cf987d",
                "shasum": ""
            },
            "type": "library",
            "notification-url": "https://packagist.org/downloads/",
            "description": "Interactive Javascript Charts - JS Only",
            "keywords": [
                "highcharts",
                "mrphp"
            ],
            "time": "2013-12-26 01:18:37"
        },
        {
            "name": "fortawesome/font-awesome",
            "version": "v4.0.3",
            "source": {
                "type": "git",
                "url": "https://github.com/FortAwesome/Font-Awesome.git",
                "reference": "0373b63c16d7aa31b6715c3f81a98a2ffb9f40a6"
            },
            "dist": {
                "type": "zip",
                "url": "https://api.github.com/repos/FortAwesome/Font-Awesome/zipball/0373b63c16d7aa31b6715c3f81a98a2ffb9f40a6",
                "reference": "0373b63c16d7aa31b6715c3f81a98a2ffb9f40a6",
                "shasum": ""
            },
            "require-dev": {
                "jekyll": "1.0.2",
                "lessc": "1.4.2"
            },
            "type": "library",
            "extra": {
                "branch-alias": {
                    "dev-master": "4.0.x-dev"
                }
            },
            "notification-url": "https://packagist.org/downloads/",
            "license": [
                "OFL-1.1",
                "MIT"
            ],
            "authors": [
                {
                    "name": "Dave Gandy",
                    "email": "dave@fontawesome.io",
                    "homepage": "http://twitter.com/davegandy",
                    "role": "Developer"
                }
            ],
            "description": "The iconic font designed for Bootstrap",
            "homepage": "http://fontawesome.io/",
            "keywords": [
                "FontAwesome",
                "awesome",
                "bootstrap",
                "font",
                "icon"
            ],
            "time": "2013-11-05 12:35:21"
        },
        {
            "name": "twbs/bootstrap",
            "version": "v3.0.3",
            "source": {
                "type": "git",
                "url": "https://github.com/twbs/bootstrap.git",
                "reference": "6d03173a1aad98e75f7d33e65b411c519176c59a"
            },
            "dist": {
                "type": "zip",
                "url": "https://api.github.com/repos/twbs/bootstrap/zipball/6d03173a1aad98e75f7d33e65b411c519176c59a",
                "reference": "6d03173a1aad98e75f7d33e65b411c519176c59a",
                "shasum": ""
            },
            "type": "library",
            "extra": {
                "branch-alias": {
                    "dev-master": "3.0.x-dev"
                }
            },
            "notification-url": "https://packagist.org/downloads/",
            "license": [
                "Apache-2.0"
            ],
            "authors": [
                {
                    "name": "Jacob Thornton",
                    "email": "jacobthornton@gmail.com"
                },
                {
                    "name": "Mark Otto",
                    "email": "markdotto@gmail.com"
                }
            ],
            "description": "Sleek, intuitive, and powerful mobile first front-end framework for faster and easier web development.",
            "homepage": "http://getbootstrap.com",
            "keywords": [
                "bootstrap",
                "css"
            ],
            "time": "2013-12-05 16:09:10"
        }
    ],
    "packages-dev": [

    ],
    "aliases": [

    ],
    "minimum-stability": "stable",
    "stability-flags": {
        "cornernote/highcharts-assets": 20
    },
    "platform": [

    ],
    "platform-dev": [

    ]
}
